// !$*UTF8*$!
{
	archiveVersion = 1;
	classes = {
	};
	objectVersion = 46;
	objects = {

/* Begin PBXBuildFile section */
		0B6E2D891DCE138700FC92FD /* JogControllViewController.m in Sources */ = {isa = PBXBuildFile; fileRef = 0B6E2D881DCE138700FC92FD /* JogControllViewController.m */; };
		0B6E2D8C1DD0C1F500FC92FD /* SettingsTableViewController.m in Sources */ = {isa = PBXBuildFile; fileRef = 0B6E2D8B1DD0C1F500FC92FD /* SettingsTableViewController.m */; };
		0B6E2D8F1DD0CCAC00FC92FD /* MyDefaults.m in Sources */ = {isa = PBXBuildFile; fileRef = 0B6E2D8E1DD0CCAC00FC92FD /* MyDefaults.m */; };
		0B6E2D971DD6063000FC92FD /* MenuCell.m in Sources */ = {isa = PBXBuildFile; fileRef = 0B6E2D941DD6063000FC92FD /* MenuCell.m */; };
		0B6E2D981DD6063000FC92FD /* TopMenuViewController.m in Sources */ = {isa = PBXBuildFile; fileRef = 0B6E2D961DD6063000FC92FD /* TopMenuViewController.m */; };
		0B6E2D9E1DD6094C00FC92FD /* MenuItems.m in Sources */ = {isa = PBXBuildFile; fileRef = 0B6E2D9D1DD6094C00FC92FD /* MenuItems.m */; };
		0B6E2DA11DD6096400FC92FD /* MenuItem.m in Sources */ = {isa = PBXBuildFile; fileRef = 0B6E2DA01DD6096400FC92FD /* MenuItem.m */; };
		0B6E2DAA1DD7044C00FC92FD /* RemoteController.m in Sources */ = {isa = PBXBuildFile; fileRef = 0B6E2DA91DD7044C00FC92FD /* RemoteController.m */; };
		0B6E2DAD1DD7473F00FC92FD /* HyperOlympicControllViewController.m in Sources */ = {isa = PBXBuildFile; fileRef = 0B6E2DAC1DD7473F00FC92FD /* HyperOlympicControllViewController.m */; };
		0B6E2DAF1DDA1A6600FC92FD /* opencv2.framework in Frameworks */ = {isa = PBXBuildFile; fileRef = 0B6E2DAE1DDA1A6600FC92FD /* opencv2.framework */; };
		0B6E2DB01DDA1A6600FC92FD /* opencv2.framework in Embed Frameworks */ = {isa = PBXBuildFile; fileRef = 0B6E2DAE1DDA1A6600FC92FD /* opencv2.framework */; settings = {ATTRIBUTES = (RemoveHeadersOnCopy, ); }; };
		0B6E2DB41DDA1A7B00FC92FD /* AVFoundation.framework in Frameworks */ = {isa = PBXBuildFile; fileRef = 0B6E2DB31DDA1A7B00FC92FD /* AVFoundation.framework */; };
		0B6E2DB61DDA1A8300FC92FD /* AssetsLibrary.framework in Frameworks */ = {isa = PBXBuildFile; fileRef = 0B6E2DB51DDA1A8300FC92FD /* AssetsLibrary.framework */; };
		0B6E2DB81DDA1A8C00FC92FD /* CoreMedia.framework in Frameworks */ = {isa = PBXBuildFile; fileRef = 0B6E2DB71DDA1A8C00FC92FD /* CoreMedia.framework */; };
		0B6E2DC61DDA872C00FC92FD /* VideoProcessingViewController.mm in Sources */ = {isa = PBXBuildFile; fileRef = 0B6E2DBA1DDA872C00FC92FD /* VideoProcessingViewController.mm */; };
		0B6E2DC81DDA872C00FC92FD /* TemplateVideoProcessor.mm in Sources */ = {isa = PBXBuildFile; fileRef = 0B6E2DBE1DDA872C00FC92FD /* TemplateVideoProcessor.mm */; };
		0B6E2DC91DDA872C00FC92FD /* VideoProcessor.m in Sources */ = {isa = PBXBuildFile; fileRef = 0B6E2DC01DDA872C00FC92FD /* VideoProcessor.m */; };
		0B6E2DCA1DDA872C00FC92FD /* MotionDetectVideoProcessor1.mm in Sources */ = {isa = PBXBuildFile; fileRef = 0B6E2DC21DDA872C00FC92FD /* MotionDetectVideoProcessor1.mm */; };
		0B6E2DCB1DDA872C00FC92FD /* FixedCvVideoCamera.m in Sources */ = {isa = PBXBuildFile; fileRef = 0B6E2DC41DDA872C00FC92FD /* FixedCvVideoCamera.m */; };
		0B6E2DCE1DDCC6CD00FC92FD /* FaceDetectVideoProcessor1.mm in Sources */ = {isa = PBXBuildFile; fileRef = 0B6E2DCD1DDCC6CD00FC92FD /* FaceDetectVideoProcessor1.mm */; };
		0B6E2DD11DDCC77C00FC92FD /* Reachability.m in Sources */ = {isa = PBXBuildFile; fileRef = 0B6E2DD01DDCC77C00FC92FD /* Reachability.m */; };
		0B6E2DD31DDCC9BC00FC92FD /* haarcascade_frontalface_alt.xml in Resources */ = {isa = PBXBuildFile; fileRef = 0B6E2DD21DDCC9BC00FC92FD /* haarcascade_frontalface_alt.xml */; };
		0B6E2DD51DDCCE3300FC92FD /* haarcascade_smile.xml in Resources */ = {isa = PBXBuildFile; fileRef = 0B6E2DD41DDCCE3300FC92FD /* haarcascade_smile.xml */; };
		F357B0921DCC4872003274BA /* main.m in Sources */ = {isa = PBXBuildFile; fileRef = F357B0911DCC4872003274BA /* main.m */; };
		F357B0951DCC4872003274BA /* AppDelegate.m in Sources */ = {isa = PBXBuildFile; fileRef = F357B0941DCC4872003274BA /* AppDelegate.m */; };
		F357B09B1DCC4872003274BA /* Main.storyboard in Resources */ = {isa = PBXBuildFile; fileRef = F357B0991DCC4872003274BA /* Main.storyboard */; };
		F357B09D1DCC4872003274BA /* Assets.xcassets in Resources */ = {isa = PBXBuildFile; fileRef = F357B09C1DCC4872003274BA /* Assets.xcassets */; };
		F357B0A01DCC4872003274BA /* LaunchScreen.storyboard in Resources */ = {isa = PBXBuildFile; fileRef = F357B09E1DCC4872003274BA /* LaunchScreen.storyboard */; };
		F357B0AB1DCC4872003274BA /* RemoconTests.m in Sources */ = {isa = PBXBuildFile; fileRef = F357B0AA1DCC4872003274BA /* RemoconTests.m */; };
/* End PBXBuildFile section */

/* Begin PBXContainerItemProxy section */
		F357B0A71DCC4872003274BA /* PBXContainerItemProxy */ = {
			isa = PBXContainerItemProxy;
			containerPortal = F357B0851DCC4872003274BA /* Project object */;
			proxyType = 1;
			remoteGlobalIDString = F357B08C1DCC4872003274BA;
			remoteInfo = Remocon;
		};
/* End PBXContainerItemProxy section */

/* Begin PBXCopyFilesBuildPhase section */
		0B6E2DB11DDA1A6600FC92FD /* Embed Frameworks */ = {
			isa = PBXCopyFilesBuildPhase;
			buildActionMask = 8;
			dstPath = "";
			dstSubfolderSpec = 10;
			files = (
				0B6E2DB01DDA1A6600FC92FD /* opencv2.framework in Embed Frameworks */,
			);
			name = "Embed Frameworks";
			runOnlyForDeploymentPostprocessing = 1;
		};
/* End PBXCopyFilesBuildPhase section */

/* Begin PBXFileReference section */
		0B6E2D871DCE138700FC92FD /* JogControllViewController.h */ = {isa = PBXFileReference; fileEncoding = 4; lastKnownFileType = sourcecode.c.h; path = JogControllViewController.h; sourceTree = "<group>"; };
		0B6E2D881DCE138700FC92FD /* JogControllViewController.m */ = {isa = PBXFileReference; fileEncoding = 4; lastKnownFileType = sourcecode.c.objc; path = JogControllViewController.m; sourceTree = "<group>"; };
		0B6E2D8A1DD0C1F500FC92FD /* SettingsTableViewController.h */ = {isa = PBXFileReference; fileEncoding = 4; lastKnownFileType = sourcecode.c.h; path = SettingsTableViewController.h; sourceTree = "<group>"; };
		0B6E2D8B1DD0C1F500FC92FD /* SettingsTableViewController.m */ = {isa = PBXFileReference; fileEncoding = 4; lastKnownFileType = sourcecode.c.objc; path = SettingsTableViewController.m; sourceTree = "<group>"; };
		0B6E2D8D1DD0CCAC00FC92FD /* MyDefaults.h */ = {isa = PBXFileReference; fileEncoding = 4; lastKnownFileType = sourcecode.c.h; path = MyDefaults.h; sourceTree = "<group>"; };
		0B6E2D8E1DD0CCAC00FC92FD /* MyDefaults.m */ = {isa = PBXFileReference; fileEncoding = 4; lastKnownFileType = sourcecode.c.objc; path = MyDefaults.m; sourceTree = "<group>"; };
		0B6E2D931DD6063000FC92FD /* MenuCell.h */ = {isa = PBXFileReference; fileEncoding = 4; lastKnownFileType = sourcecode.c.h; path = MenuCell.h; sourceTree = "<group>"; };
		0B6E2D941DD6063000FC92FD /* MenuCell.m */ = {isa = PBXFileReference; fileEncoding = 4; lastKnownFileType = sourcecode.c.objc; path = MenuCell.m; sourceTree = "<group>"; };
		0B6E2D951DD6063000FC92FD /* TopMenuViewController.h */ = {isa = PBXFileReference; fileEncoding = 4; lastKnownFileType = sourcecode.c.h; path = TopMenuViewController.h; sourceTree = "<group>"; };
		0B6E2D961DD6063000FC92FD /* TopMenuViewController.m */ = {isa = PBXFileReference; fileEncoding = 4; lastKnownFileType = sourcecode.c.objc; path = TopMenuViewController.m; sourceTree = "<group>"; };
		0B6E2D9C1DD6094C00FC92FD /* MenuItems.h */ = {isa = PBXFileReference; fileEncoding = 4; lastKnownFileType = sourcecode.c.h; path = MenuItems.h; sourceTree = "<group>"; };
		0B6E2D9D1DD6094C00FC92FD /* MenuItems.m */ = {isa = PBXFileReference; fileEncoding = 4; lastKnownFileType = sourcecode.c.objc; path = MenuItems.m; sourceTree = "<group>"; };
		0B6E2D9F1DD6096400FC92FD /* MenuItem.h */ = {isa = PBXFileReference; fileEncoding = 4; lastKnownFileType = sourcecode.c.h; path = MenuItem.h; sourceTree = "<group>"; };
		0B6E2DA01DD6096400FC92FD /* MenuItem.m */ = {isa = PBXFileReference; fileEncoding = 4; lastKnownFileType = sourcecode.c.objc; path = MenuItem.m; sourceTree = "<group>"; };
		0B6E2DA81DD7044C00FC92FD /* RemoteController.h */ = {isa = PBXFileReference; fileEncoding = 4; lastKnownFileType = sourcecode.c.h; path = RemoteController.h; sourceTree = "<group>"; };
		0B6E2DA91DD7044C00FC92FD /* RemoteController.m */ = {isa = PBXFileReference; fileEncoding = 4; lastKnownFileType = sourcecode.c.objc; path = RemoteController.m; sourceTree = "<group>"; };
		0B6E2DAB1DD7473E00FC92FD /* HyperOlympicControllViewController.h */ = {isa = PBXFileReference; fileEncoding = 4; lastKnownFileType = sourcecode.c.h; path = HyperOlympicControllViewController.h; sourceTree = "<group>"; };
		0B6E2DAC1DD7473F00FC92FD /* HyperOlympicControllViewController.m */ = {isa = PBXFileReference; fileEncoding = 4; lastKnownFileType = sourcecode.c.objc; path = HyperOlympicControllViewController.m; sourceTree = "<group>"; };
		0B6E2DAE1DDA1A6600FC92FD /* opencv2.framework */ = {isa = PBXFileReference; lastKnownFileType = wrapper.framework; path = opencv2.framework; sourceTree = "<group>"; };
		0B6E2DB31DDA1A7B00FC92FD /* AVFoundation.framework */ = {isa = PBXFileReference; lastKnownFileType = wrapper.framework; name = AVFoundation.framework; path = System/Library/Frameworks/AVFoundation.framework; sourceTree = SDKROOT; };
		0B6E2DB51DDA1A8300FC92FD /* AssetsLibrary.framework */ = {isa = PBXFileReference; lastKnownFileType = wrapper.framework; name = AssetsLibrary.framework; path = System/Library/Frameworks/AssetsLibrary.framework; sourceTree = SDKROOT; };
		0B6E2DB71DDA1A8C00FC92FD /* CoreMedia.framework */ = {isa = PBXFileReference; lastKnownFileType = wrapper.framework; name = CoreMedia.framework; path = System/Library/Frameworks/CoreMedia.framework; sourceTree = SDKROOT; };
		0B6E2DBA1DDA872C00FC92FD /* VideoProcessingViewController.mm */ = {isa = PBXFileReference; fileEncoding = 4; lastKnownFileType = sourcecode.cpp.objcpp; path = VideoProcessingViewController.mm; sourceTree = "<group>"; };
		0B6E2DBC1DDA872C00FC92FD /* VideoProcessingViewController.h */ = {isa = PBXFileReference; fileEncoding = 4; lastKnownFileType = sourcecode.c.h; path = VideoProcessingViewController.h; sourceTree = "<group>"; };
		0B6E2DBE1DDA872C00FC92FD /* TemplateVideoProcessor.mm */ = {isa = PBXFileReference; fileEncoding = 4; lastKnownFileType = sourcecode.cpp.objcpp; path = TemplateVideoProcessor.mm; sourceTree = "<group>"; };
		0B6E2DBF1DDA872C00FC92FD /* TemplateVideoProcessor.h */ = {isa = PBXFileReference; fileEncoding = 4; lastKnownFileType = sourcecode.c.h; path = TemplateVideoProcessor.h; sourceTree = "<group>"; };
		0B6E2DC01DDA872C00FC92FD /* VideoProcessor.m */ = {isa = PBXFileReference; fileEncoding = 4; lastKnownFileType = sourcecode.c.objc; path = VideoProcessor.m; sourceTree = "<group>"; };
		0B6E2DC11DDA872C00FC92FD /* VideoProcessor.h */ = {isa = PBXFileReference; fileEncoding = 4; lastKnownFileType = sourcecode.c.h; path = VideoProcessor.h; sourceTree = "<group>"; };
		0B6E2DC21DDA872C00FC92FD /* MotionDetectVideoProcessor1.mm */ = {isa = PBXFileReference; fileEncoding = 4; lastKnownFileType = sourcecode.cpp.objcpp; path = MotionDetectVideoProcessor1.mm; sourceTree = "<group>"; };
		0B6E2DC31DDA872C00FC92FD /* MotionDetectVideoProcessor1.h */ = {isa = PBXFileReference; fileEncoding = 4; lastKnownFileType = sourcecode.c.h; path = MotionDetectVideoProcessor1.h; sourceTree = "<group>"; };
		0B6E2DC41DDA872C00FC92FD /* FixedCvVideoCamera.m */ = {isa = PBXFileReference; fileEncoding = 4; lastKnownFileType = sourcecode.c.objc; path = FixedCvVideoCamera.m; sourceTree = "<group>"; };
		0B6E2DC51DDA872C00FC92FD /* FixedCvVideoCamera.h */ = {isa = PBXFileReference; fileEncoding = 4; lastKnownFileType = sourcecode.c.h; path = FixedCvVideoCamera.h; sourceTree = "<group>"; };
		0B6E2DCC1DDCC6CD00FC92FD /* FaceDetectVideoProcessor1.h */ = {isa = PBXFileReference; fileEncoding = 4; lastKnownFileType = sourcecode.c.h; path = FaceDetectVideoProcessor1.h; sourceTree = "<group>"; };
		0B6E2DCD1DDCC6CD00FC92FD /* FaceDetectVideoProcessor1.mm */ = {isa = PBXFileReference; fileEncoding = 4; lastKnownFileType = sourcecode.cpp.objcpp; path = FaceDetectVideoProcessor1.mm; sourceTree = "<group>"; };
		0B6E2DCF1DDCC77C00FC92FD /* Reachability.h */ = {isa = PBXFileReference; fileEncoding = 4; lastKnownFileType = sourcecode.c.h; path = Reachability.h; sourceTree = "<group>"; };
		0B6E2DD01DDCC77C00FC92FD /* Reachability.m */ = {isa = PBXFileReference; fileEncoding = 4; lastKnownFileType = sourcecode.c.objc; path = Reachability.m; sourceTree = "<group>"; };
		0B6E2DD21DDCC9BC00FC92FD /* haarcascade_frontalface_alt.xml */ = {isa = PBXFileReference; fileEncoding = 4; lastKnownFileType = text.xml; path = haarcascade_frontalface_alt.xml; sourceTree = "<group>"; };
		0B6E2DD41DDCCE3300FC92FD /* haarcascade_smile.xml */ = {isa = PBXFileReference; fileEncoding = 4; lastKnownFileType = text.xml; path = haarcascade_smile.xml; sourceTree = "<group>"; };
		F357B08D1DCC4872003274BA /* Remocon.app */ = {isa = PBXFileReference; explicitFileType = wrapper.application; includeInIndex = 0; path = Remocon.app; sourceTree = BUILT_PRODUCTS_DIR; };
		F357B0911DCC4872003274BA /* main.m */ = {isa = PBXFileReference; lastKnownFileType = sourcecode.c.objc; path = main.m; sourceTree = "<group>"; };
		F357B0931DCC4872003274BA /* AppDelegate.h */ = {isa = PBXFileReference; lastKnownFileType = sourcecode.c.h; path = AppDelegate.h; sourceTree = "<group>"; };
		F357B0941DCC4872003274BA /* AppDelegate.m */ = {isa = PBXFileReference; lastKnownFileType = sourcecode.c.objc; path = AppDelegate.m; sourceTree = "<group>"; };
		F357B09A1DCC4872003274BA /* Base */ = {isa = PBXFileReference; lastKnownFileType = file.storyboard; name = Base; path = Base.lproj/Main.storyboard; sourceTree = "<group>"; };
		F357B09C1DCC4872003274BA /* Assets.xcassets */ = {isa = PBXFileReference; lastKnownFileType = folder.assetcatalog; path = Assets.xcassets; sourceTree = "<group>"; };
		F357B09F1DCC4872003274BA /* Base */ = {isa = PBXFileReference; lastKnownFileType = file.storyboard; name = Base; path = Base.lproj/LaunchScreen.storyboard; sourceTree = "<group>"; };
		F357B0A11DCC4872003274BA /* Info.plist */ = {isa = PBXFileReference; lastKnownFileType = text.plist.xml; path = Info.plist; sourceTree = "<group>"; };
		F357B0A61DCC4872003274BA /* RemoconTests.xctest */ = {isa = PBXFileReference; explicitFileType = wrapper.cfbundle; includeInIndex = 0; path = RemoconTests.xctest; sourceTree = BUILT_PRODUCTS_DIR; };
		F357B0AA1DCC4872003274BA /* RemoconTests.m */ = {isa = PBXFileReference; lastKnownFileType = sourcecode.c.objc; path = RemoconTests.m; sourceTree = "<group>"; };
		F357B0AC1DCC4872003274BA /* Info.plist */ = {isa = PBXFileReference; lastKnownFileType = text.plist.xml; path = Info.plist; sourceTree = "<group>"; };
/* End PBXFileReference section */

/* Begin PBXFrameworksBuildPhase section */
		F357B08A1DCC4872003274BA /* Frameworks */ = {
			isa = PBXFrameworksBuildPhase;
			buildActionMask = 2147483647;
			files = (
				0B6E2DB81DDA1A8C00FC92FD /* CoreMedia.framework in Frameworks */,
				0B6E2DB61DDA1A8300FC92FD /* AssetsLibrary.framework in Frameworks */,
				0B6E2DB41DDA1A7B00FC92FD /* AVFoundation.framework in Frameworks */,
				0B6E2DAF1DDA1A6600FC92FD /* opencv2.framework in Frameworks */,
			);
			runOnlyForDeploymentPostprocessing = 0;
		};
		F357B0A31DCC4872003274BA /* Frameworks */ = {
			isa = PBXFrameworksBuildPhase;
			buildActionMask = 2147483647;
			files = (
			);
			runOnlyForDeploymentPostprocessing = 0;
		};
/* End PBXFrameworksBuildPhase section */

/* Begin PBXGroup section */
		0B6E2D991DD608CC00FC92FD /* ViewController */ = {
			isa = PBXGroup;
			children = (
				0B6E2D9A1DD608DD00FC92FD /* Contents */,
				0B6E2D951DD6063000FC92FD /* TopMenuViewController.h */,
				0B6E2D961DD6063000FC92FD /* TopMenuViewController.m */,
				0B6E2D8A1DD0C1F500FC92FD /* SettingsTableViewController.h */,
				0B6E2D8B1DD0C1F500FC92FD /* SettingsTableViewController.m */,
			);
			name = ViewController;
			sourceTree = "<group>";
		};
		0B6E2D9A1DD608DD00FC92FD /* Contents */ = {
			isa = PBXGroup;
			children = (
				0B6E2DAB1DD7473E00FC92FD /* HyperOlympicControllViewController.h */,
				0B6E2DAC1DD7473F00FC92FD /* HyperOlympicControllViewController.m */,
				0B6E2D871DCE138700FC92FD /* JogControllViewController.h */,
				0B6E2D881DCE138700FC92FD /* JogControllViewController.m */,
			);
			name = Contents;
			sourceTree = "<group>";
		};
		0B6E2D9B1DD608F000FC92FD /* MenuItem */ = {
			isa = PBXGroup;
			children = (
				0B6E2D931DD6063000FC92FD /* MenuCell.h */,
				0B6E2D941DD6063000FC92FD /* MenuCell.m */,
				0B6E2D9C1DD6094C00FC92FD /* MenuItems.h */,
				0B6E2D9D1DD6094C00FC92FD /* MenuItems.m */,
				0B6E2D9F1DD6096400FC92FD /* MenuItem.h */,
				0B6E2DA01DD6096400FC92FD /* MenuItem.m */,
			);
			name = MenuItem;
			sourceTree = "<group>";
		};
		0B6E2DB21DDA1A7B00FC92FD /* Frameworks */ = {
			isa = PBXGroup;
			children = (
				0B6E2DB71DDA1A8C00FC92FD /* CoreMedia.framework */,
				0B6E2DB51DDA1A8300FC92FD /* AssetsLibrary.framework */,
				0B6E2DB31DDA1A7B00FC92FD /* AVFoundation.framework */,
			);
			name = Frameworks;
			sourceTree = "<group>";
		};
		0B6E2DB91DDA86E000FC92FD /* VideoProcessor */ = {
			isa = PBXGroup;
			children = (
			);
			name = VideoProcessor;
			sourceTree = "<group>";
		};
		0B6E2DD61DDE053900FC92FD /* VideoProcessor */ = {
			isa = PBXGroup;
			children = (
				0B6E2DCC1DDCC6CD00FC92FD /* FaceDetectVideoProcessor1.h */,
				0B6E2DCD1DDCC6CD00FC92FD /* FaceDetectVideoProcessor1.mm */,
				0B6E2DC21DDA872C00FC92FD /* MotionDetectVideoProcessor1.mm */,
				0B6E2DC31DDA872C00FC92FD /* MotionDetectVideoProcessor1.h */,
				0B6E2DC01DDA872C00FC92FD /* VideoProcessor.m */,
				0B6E2DC11DDA872C00FC92FD /* VideoProcessor.h */,
			);
			name = VideoProcessor;
			sourceTree = "<group>";
		};
		F357B0841DCC4872003274BA = {
			isa = PBXGroup;
			children = (
				0B6E2DAE1DDA1A6600FC92FD /* opencv2.framework */,
				F357B08F1DCC4872003274BA /* Remocon */,
				F357B0A91DCC4872003274BA /* RemoconTests */,
				F357B08E1DCC4872003274BA /* Products */,
				0B6E2DB21DDA1A7B00FC92FD /* Frameworks */,
			);
			sourceTree = "<group>";
		};
		F357B08E1DCC4872003274BA /* Products */ = {
			isa = PBXGroup;
			children = (
				F357B08D1DCC4872003274BA /* Remocon.app */,
				F357B0A61DCC4872003274BA /* RemoconTests.xctest */,
			);
			name = Products;
			sourceTree = "<group>";
		};
		F357B08F1DCC4872003274BA /* Remocon */ = {
			isa = PBXGroup;
			children = (
				0B6E2DD61DDE053900FC92FD /* VideoProcessor */,
				0B6E2DD41DDCCE3300FC92FD /* haarcascade_smile.xml */,
				0B6E2DD21DDCC9BC00FC92FD /* haarcascade_frontalface_alt.xml */,
				0B6E2DCF1DDCC77C00FC92FD /* Reachability.h */,
				0B6E2DD01DDCC77C00FC92FD /* Reachability.m */,
				0B6E2DBA1DDA872C00FC92FD /* VideoProcessingViewController.mm */,
				0B6E2DBC1DDA872C00FC92FD /* VideoProcessingViewController.h */,
				0B6E2DBE1DDA872C00FC92FD /* TemplateVideoProcessor.mm */,
				0B6E2DBF1DDA872C00FC92FD /* TemplateVideoProcessor.h */,
				0B6E2DC41DDA872C00FC92FD /* FixedCvVideoCamera.m */,
				0B6E2DC51DDA872C00FC92FD /* FixedCvVideoCamera.h */,
				0B6E2DB91DDA86E000FC92FD /* VideoProcessor */,
				0B6E2D9B1DD608F000FC92FD /* MenuItem */,
				0B6E2D991DD608CC00FC92FD /* ViewController */,
				F357B0931DCC4872003274BA /* AppDelegate.h */,
				F357B0941DCC4872003274BA /* AppDelegate.m */,
				F357B0991DCC4872003274BA /* Main.storyboard */,
				F357B09C1DCC4872003274BA /* Assets.xcassets */,
				F357B09E1DCC4872003274BA /* LaunchScreen.storyboard */,
				F357B0A11DCC4872003274BA /* Info.plist */,
				F357B0901DCC4872003274BA /* Supporting Files */,
				0B6E2D8D1DD0CCAC00FC92FD /* MyDefaults.h */,
				0B6E2D8E1DD0CCAC00FC92FD /* MyDefaults.m */,
				0B6E2DA81DD7044C00FC92FD /* RemoteController.h */,
				0B6E2DA91DD7044C00FC92FD /* RemoteController.m */,
			);
			path = Remocon;
			sourceTree = "<group>";
		};
		F357B0901DCC4872003274BA /* Supporting Files */ = {
			isa = PBXGroup;
			children = (
				F357B0911DCC4872003274BA /* main.m */,
			);
			name = "Supporting Files";
			sourceTree = "<group>";
		};
		F357B0A91DCC4872003274BA /* RemoconTests */ = {
			isa = PBXGroup;
			children = (
				F357B0AA1DCC4872003274BA /* RemoconTests.m */,
				F357B0AC1DCC4872003274BA /* Info.plist */,
			);
			path = RemoconTests;
			sourceTree = "<group>";
		};
/* End PBXGroup section */

/* Begin PBXNativeTarget section */
		F357B08C1DCC4872003274BA /* Remocon */ = {
			isa = PBXNativeTarget;
			buildConfigurationList = F357B0AF1DCC4872003274BA /* Build configuration list for PBXNativeTarget "Remocon" */;
			buildPhases = (
				F357B0891DCC4872003274BA /* Sources */,
				F357B08A1DCC4872003274BA /* Frameworks */,
				F357B08B1DCC4872003274BA /* Resources */,
				0B6E2DB11DDA1A6600FC92FD /* Embed Frameworks */,
			);
			buildRules = (
			);
			dependencies = (
			);
			name = Remocon;
			productName = Remocon;
			productReference = F357B08D1DCC4872003274BA /* Remocon.app */;
			productType = "com.apple.product-type.application";
		};
		F357B0A51DCC4872003274BA /* RemoconTests */ = {
			isa = PBXNativeTarget;
			buildConfigurationList = F357B0B21DCC4872003274BA /* Build configuration list for PBXNativeTarget "RemoconTests" */;
			buildPhases = (
				F357B0A21DCC4872003274BA /* Sources */,
				F357B0A31DCC4872003274BA /* Frameworks */,
				F357B0A41DCC4872003274BA /* Resources */,
			);
			buildRules = (
			);
			dependencies = (
				F357B0A81DCC4872003274BA /* PBXTargetDependency */,
			);
			name = RemoconTests;
			productName = RemoconTests;
			productReference = F357B0A61DCC4872003274BA /* RemoconTests.xctest */;
			productType = "com.apple.product-type.bundle.unit-test";
		};
/* End PBXNativeTarget section */

/* Begin PBXProject section */
		F357B0851DCC4872003274BA /* Project object */ = {
			isa = PBXProject;
			attributes = {
				LastUpgradeCheck = 0800;
				ORGANIZATIONNAME = FXAT;
				TargetAttributes = {
					F357B08C1DCC4872003274BA = {
						CreatedOnToolsVersion = 8.0;
						DevelopmentTeam = NV35KVEAGR;
						ProvisioningStyle = Automatic;
					};
					F357B0A51DCC4872003274BA = {
						CreatedOnToolsVersion = 8.0;
						DevelopmentTeam = GC68BRSRNL;
						ProvisioningStyle = Automatic;
						TestTargetID = F357B08C1DCC4872003274BA;
					};
				};
			};
			buildConfigurationList = F357B0881DCC4872003274BA /* Build configuration list for PBXProject "Remocon" */;
			compatibilityVersion = "Xcode 3.2";
			developmentRegion = English;
			hasScannedForEncodings = 0;
			knownRegions = (
				en,
				Base,
			);
			mainGroup = F357B0841DCC4872003274BA;
			productRefGroup = F357B08E1DCC4872003274BA /* Products */;
			projectDirPath = "";
			projectRoot = "";
			targets = (
				F357B08C1DCC4872003274BA /* Remocon */,
				F357B0A51DCC4872003274BA /* RemoconTests */,
			);
		};
/* End PBXProject section */

/* Begin PBXResourcesBuildPhase section */
		F357B08B1DCC4872003274BA /* Resources */ = {
			isa = PBXResourcesBuildPhase;
			buildActionMask = 2147483647;
			files = (
				F357B0A01DCC4872003274BA /* LaunchScreen.storyboard in Resources */,
				F357B09D1DCC4872003274BA /* Assets.xcassets in Resources */,
				0B6E2DD51DDCCE3300FC92FD /* haarcascade_smile.xml in Resources */,
				0B6E2DD31DDCC9BC00FC92FD /* haarcascade_frontalface_alt.xml in Resources */,
				F357B09B1DCC4872003274BA /* Main.storyboard in Resources */,
			);
			runOnlyForDeploymentPostprocessing = 0;
		};
		F357B0A41DCC4872003274BA /* Resources */ = {
			isa = PBXResourcesBuildPhase;
			buildActionMask = 2147483647;
			files = (
			);
			runOnlyForDeploymentPostprocessing = 0;
		};
/* End PBXResourcesBuildPhase section */

/* Begin PBXSourcesBuildPhase section */
		F357B0891DCC4872003274BA /* Sources */ = {
			isa = PBXSourcesBuildPhase;
			buildActionMask = 2147483647;
			files = (
				0B6E2DCB1DDA872C00FC92FD /* FixedCvVideoCamera.m in Sources */,
				0B6E2DAD1DD7473F00FC92FD /* HyperOlympicControllViewController.m in Sources */,
				0B6E2D981DD6063000FC92FD /* TopMenuViewController.m in Sources */,
				0B6E2DCA1DDA872C00FC92FD /* MotionDetectVideoProcessor1.mm in Sources */,
				0B6E2DC91DDA872C00FC92FD /* VideoProcessor.m in Sources */,
				0B6E2D971DD6063000FC92FD /* MenuCell.m in Sources */,
				F357B0951DCC4872003274BA /* AppDelegate.m in Sources */,
				0B6E2D9E1DD6094C00FC92FD /* MenuItems.m in Sources */,
				0B6E2DAA1DD7044C00FC92FD /* RemoteController.m in Sources */,
				0B6E2DCE1DDCC6CD00FC92FD /* FaceDetectVideoProcessor1.mm in Sources */,
				0B6E2D8C1DD0C1F500FC92FD /* SettingsTableViewController.m in Sources */,
				0B6E2D8F1DD0CCAC00FC92FD /* MyDefaults.m in Sources */,
				0B6E2D891DCE138700FC92FD /* JogControllViewController.m in Sources */,
				F357B0921DCC4872003274BA /* main.m in Sources */,
				0B6E2DA11DD6096400FC92FD /* MenuItem.m in Sources */,
				0B6E2DC81DDA872C00FC92FD /* TemplateVideoProcessor.mm in Sources */,
				0B6E2DD11DDCC77C00FC92FD /* Reachability.m in Sources */,
				0B6E2DC61DDA872C00FC92FD /* VideoProcessingViewController.mm in Sources */,
			);
			runOnlyForDeploymentPostprocessing = 0;
		};
		F357B0A21DCC4872003274BA /* Sources */ = {
			isa = PBXSourcesBuildPhase;
			buildActionMask = 2147483647;
			files = (
				F357B0AB1DCC4872003274BA /* RemoconTests.m in Sources */,
			);
			runOnlyForDeploymentPostprocessing = 0;
		};
/* End PBXSourcesBuildPhase section */

/* Begin PBXTargetDependency section */
		F357B0A81DCC4872003274BA /* PBXTargetDependency */ = {
			isa = PBXTargetDependency;
			target = F357B08C1DCC4872003274BA /* Remocon */;
			targetProxy = F357B0A71DCC4872003274BA /* PBXContainerItemProxy */;
		};
/* End PBXTargetDependency section */

/* Begin PBXVariantGroup section */
		F357B0991DCC4872003274BA /* Main.storyboard */ = {
			isa = PBXVariantGroup;
			children = (
				F357B09A1DCC4872003274BA /* Base */,
			);
			name = Main.storyboard;
			sourceTree = "<group>";
		};
		F357B09E1DCC4872003274BA /* LaunchScreen.storyboard */ = {
			isa = PBXVariantGroup;
			children = (
				F357B09F1DCC4872003274BA /* Base */,
			);
			name = LaunchScreen.storyboard;
			sourceTree = "<group>";
		};
/* End PBXVariantGroup section */

/* Begin XCBuildConfiguration section */
		F357B0AD1DCC4872003274BA /* Debug */ = {
			isa = XCBuildConfiguration;
			buildSettings = {
				ALWAYS_SEARCH_USER_PATHS = NO;
				CLANG_ANALYZER_NONNULL = YES;
				CLANG_CXX_LANGUAGE_STANDARD = "gnu++0x";
				CLANG_CXX_LIBRARY = "libc++";
				CLANG_ENABLE_MODULES = YES;
				CLANG_ENABLE_OBJC_ARC = YES;
				CLANG_WARN_BOOL_CONVERSION = YES;
				CLANG_WARN_CONSTANT_CONVERSION = YES;
				CLANG_WARN_DIRECT_OBJC_ISA_USAGE = YES_ERROR;
				CLANG_WARN_DOCUMENTATION_COMMENTS = YES;
				CLANG_WARN_EMPTY_BODY = YES;
				CLANG_WARN_ENUM_CONVERSION = YES;
				CLANG_WARN_INFINITE_RECURSION = YES;
				CLANG_WARN_INT_CONVERSION = YES;
				CLANG_WARN_OBJC_ROOT_CLASS = YES_ERROR;
				CLANG_WARN_SUSPICIOUS_MOVES = YES;
				CLANG_WARN_UNREACHABLE_CODE = YES;
				CLANG_WARN__DUPLICATE_METHOD_MATCH = YES;
				"CODE_SIGN_IDENTITY[sdk=iphoneos*]" = "iPhone Developer";
				COPY_PHASE_STRIP = NO;
				DEBUG_INFORMATION_FORMAT = dwarf;
				ENABLE_STRICT_OBJC_MSGSEND = YES;
				ENABLE_TESTABILITY = YES;
				GCC_C_LANGUAGE_STANDARD = gnu99;
				GCC_DYNAMIC_NO_PIC = NO;
				GCC_NO_COMMON_BLOCKS = YES;
				GCC_OPTIMIZATION_LEVEL = 0;
				GCC_PREPROCESSOR_DEFINITIONS = (
					"DEBUG=1",
					"$(inherited)",
				);
				GCC_WARN_64_TO_32_BIT_CONVERSION = YES;
				GCC_WARN_ABOUT_RETURN_TYPE = YES_ERROR;
				GCC_WARN_UNDECLARED_SELECTOR = YES;
				GCC_WARN_UNINITIALIZED_AUTOS = YES_AGGRESSIVE;
				GCC_WARN_UNUSED_FUNCTION = YES;
				GCC_WARN_UNUSED_VARIABLE = YES;
				IPHONEOS_DEPLOYMENT_TARGET = 10.0;
				MTL_ENABLE_DEBUG_INFO = YES;
				ONLY_ACTIVE_ARCH = YES;
				SDKROOT = iphoneos;
				TARGETED_DEVICE_FAMILY = "1,2";
			};
			name = Debug;
		};
		F357B0AE1DCC4872003274BA /* Release */ = {
			isa = XCBuildConfiguration;
			buildSettings = {
				ALWAYS_SEARCH_USER_PATHS = NO;
				CLANG_ANALYZER_NONNULL = YES;
				CLANG_CXX_LANGUAGE_STANDARD = "gnu++0x";
				CLANG_CXX_LIBRARY = "libc++";
				CLANG_ENABLE_MODULES = YES;
				CLANG_ENABLE_OBJC_ARC = YES;
				CLANG_WARN_BOOL_CONVERSION = YES;
				CLANG_WARN_CONSTANT_CONVERSION = YES;
				CLANG_WARN_DIRECT_OBJC_ISA_USAGE = YES_ERROR;
				CLANG_WARN_DOCUMENTATION_COMMENTS = YES;
				CLANG_WARN_EMPTY_BODY = YES;
				CLANG_WARN_ENUM_CONVERSION = YES;
				CLANG_WARN_INFINITE_RECURSION = YES;
				CLANG_WARN_INT_CONVERSION = YES;
				CLANG_WARN_OBJC_ROOT_CLASS = YES_ERROR;
				CLANG_WARN_SUSPICIOUS_MOVES = YES;
				CLANG_WARN_UNREACHABLE_CODE = YES;
				CLANG_WARN__DUPLICATE_METHOD_MATCH = YES;
				"CODE_SIGN_IDENTITY[sdk=iphoneos*]" = "iPhone Developer";
				COPY_PHASE_STRIP = NO;
				DEBUG_INFORMATION_FORMAT = "dwarf-with-dsym";
				ENABLE_NS_ASSERTIONS = NO;
				ENABLE_STRICT_OBJC_MSGSEND = YES;
				GCC_C_LANGUAGE_STANDARD = gnu99;
				GCC_NO_COMMON_BLOCKS = YES;
				GCC_WARN_64_TO_32_BIT_CONVERSION = YES;
				GCC_WARN_ABOUT_RETURN_TYPE = YES_ERROR;
				GCC_WARN_UNDECLARED_SELECTOR = YES;
				GCC_WARN_UNINITIALIZED_AUTOS = YES_AGGRESSIVE;
				GCC_WARN_UNUSED_FUNCTION = YES;
				GCC_WARN_UNUSED_VARIABLE = YES;
				IPHONEOS_DEPLOYMENT_TARGET = 10.0;
				MTL_ENABLE_DEBUG_INFO = NO;
				SDKROOT = iphoneos;
				TARGETED_DEVICE_FAMILY = "1,2";
				VALIDATE_PRODUCT = YES;
			};
			name = Release;
		};
		F357B0B01DCC4872003274BA /* Debug */ = {
			isa = XCBuildConfiguration;
			buildSettings = {
				ASSETCATALOG_COMPILER_APPICON_NAME = AppIcon;
				"CODE_SIGN_IDENTITY[sdk=iphoneos*]" = "iPhone Developer";
				DEVELOPMENT_TEAM = NV35KVEAGR;
				FRAMEWORK_SEARCH_PATHS = (
					"$(inherited)",
					"$(PROJECT_DIR)",
				);
				INFOPLIST_FILE = Remocon/Info.plist;
				LD_RUNPATH_SEARCH_PATHS = "$(inherited) @executable_path/Frameworks";
				PRODUCT_BUNDLE_IDENTIFIER = jp.co.fukushima.Remocon;
				PRODUCT_NAME = "$(TARGET_NAME)";
			};
			name = Debug;
		};
		F357B0B11DCC4872003274BA /* Release */ = {
			isa = XCBuildConfiguration;
			buildSettings = {
				ASSETCATALOG_COMPILER_APPICON_NAME = AppIcon;
				"CODE_SIGN_IDENTITY[sdk=iphoneos*]" = "iPhone Developer";
				DEVELOPMENT_TEAM = NV35KVEAGR;
				FRAMEWORK_SEARCH_PATHS = (
					"$(inherited)",
					"$(PROJECT_DIR)",
				);
				INFOPLIST_FILE = Remocon/Info.plist;
				LD_RUNPATH_SEARCH_PATHS = "$(inherited) @executable_path/Frameworks";
				PRODUCT_BUNDLE_IDENTIFIER = jp.co.fukushima.Remocon;
				PRODUCT_NAME = "$(TARGET_NAME)";
			};
			name = Release;
		};
		F357B0B31DCC4872003274BA /* Debug */ = {
			isa = XCBuildConfiguration;
			buildSettings = {
				BUNDLE_LOADER = "$(TEST_HOST)";
				DEVELOPMENT_TEAM = GC68BRSRNL;
				INFOPLIST_FILE = RemoconTests/Info.plist;
				LD_RUNPATH_SEARCH_PATHS = "$(inherited) @executable_path/Frameworks @loader_path/Frameworks";
				PRODUCT_BUNDLE_IDENTIFIER = XAT.RemoconTests;
				PRODUCT_NAME = "$(TARGET_NAME)";
				TEST_HOST = "$(BUILT_PRODUCTS_DIR)/Remocon.app/Remocon";
			};
			name = Debug;
		};
		F357B0B41DCC4872003274BA /* Release */ = {
			isa = XCBuildConfiguration;
			buildSettings = {
				BUNDLE_LOADER = "$(TEST_HOST)";
				DEVELOPMENT_TEAM = GC68BRSRNL;
				INFOPLIST_FILE = RemoconTests/Info.plist;
				LD_RUNPATH_SEARCH_PATHS = "$(inherited) @executable_path/Frameworks @loader_path/Frameworks";
				PRODUCT_BUNDLE_IDENTIFIER = XAT.RemoconTests;
				PRODUCT_NAME = "$(TARGET_NAME)";
				TEST_HOST = "$(BUILT_PRODUCTS_DIR)/Remocon.app/Remocon";
			};
			name = Release;
		};
/* End XCBuildConfiguration section */

/* Begin XCConfigurationList section */
		F357B0881DCC4872003274BA /* Build configuration list for PBXProject "Remocon" */ = {
			isa = XCConfigurationList;
			buildConfigurations = (
				F357B0AD1DCC4872003274BA /* Debug */,
				F357B0AE1DCC4872003274BA /* Release */,
			);
			defaultConfigurationIsVisible = 0;
			defaultConfigurationName = Release;
		};
		F357B0AF1DCC4872003274BA /* Build configuration list for PBXNativeTarget "Remocon" */ = {
			isa = XCConfigurationList;
			buildConfigurations = (
				F357B0B01DCC4872003274BA /* Debug */,
				F357B0B11DCC4872003274BA /* Release */,
			);
			defaultConfigurationIsVisible = 0;
			defaultConfigurationName = Release;
		};
		F357B0B21DCC4872003274BA /* Build configuration list for PBXNativeTarget "RemoconTests" */ = {
			isa = XCConfigurationList;
			buildConfigurations = (
				F357B0B31DCC4872003274BA /* Debug */,
				F357B0B41DCC4872003274BA /* Release */,
			);
			defaultConfigurationIsVisible = 0;
			defaultConfigurationName = Release;
		};
/* End XCConfigurationList section */
	};
	rootObject = F357B0851DCC4872003274BA /* Project object */;
}
